<?xml version="1.0" encoding="utf-8"?>
<Project ToolsVersion="4.0" xmlns="http://schemas.microsoft.com/developer/msbuild/2003">
  <ItemGroup>
    <Filter Include="源文件">
      <UniqueIdentifier>{4FC737F1-C7A5-4376-A066-2A32D752A2FF}</UniqueIdentifier>
      <Extensions>cpp;c;cc;cxx;def;odl;idl;hpj;bat;asm;asmx</Extensions>
    </Filter>
    <Filter Include="头文件">
      <UniqueIdentifier>{93995380-89BD-4b04-88EB-625FBE52EBFB}</UniqueIdentifier>
      <Extensions>h;hh;hpp;hxx;hm;inl;inc;ipp;xsd</Extensions>
    </Filter>
    <Filter Include="资源文件">
      <UniqueIdentifier>{67DA6AB6-F800-4c08-8B7A-83BB121AAD01}</UniqueIdentifier>
      <Extensions>rc;ico;cur;bmp;dlg;rc2;rct;bin;rgs;gif;jpg;jpeg;jpe;resx;tiff;tif;png;wav;mfcribbon-ms</Extensions>
    </Filter>
  </ItemGroup>
  <ItemGroup>
    <ClCompile Include="..\..\addpntrs.cpp">
      <Filter>源文件</Filter>
    </ClCompile>
    <ClCompile Include="..\..\address.cpp">
      <Filter>源文件</Filter>
    </ClCompile>
    <ClCompile Include="..\..\arraynew.cpp">
      <Filter>源文件</Filter>
    </ClCompile>
    <ClCompile Include="..\..\arrayone.cpp">
      <Filter>源文件</Filter>
    </ClCompile>
    <ClCompile Include="..\..\arrstruct.cpp">
      <Filter>源文件</Filter>
    </ClCompile>
    <ClCompile Include="..\..\assgn_st.cpp">
      <Filter>源文件</Filter>
    </ClCompile>
    <ClCompile Include="..\..\choices.cpp">
      <Filter>源文件</Filter>
    </ClCompile>
    <ClCompile Include="..\..\delete.cpp">
      <Filter>源文件</Filter>
    </ClCompile>
    <ClCompile Include="..\..\init_ptr.cpp">
      <Filter>源文件</Filter>
    </ClCompile>
    <ClCompile Include="..\..\instr1.cpp">
      <Filter>源文件</Filter>
    </ClCompile>
    <ClCompile Include="..\..\instr2.cpp">
      <Filter>源文件</Filter>
    </ClCompile>
    <ClCompile Include="..\..\instr3.cpp">
      <Filter>源文件</Filter>
    </ClCompile>
    <ClCompile Include="..\..\mixtypes.cpp">
      <Filter>源文件</Filter>
    </ClCompile>
    <ClCompile Include="..\..\newstrct.cpp">
      <Filter>源文件</Filter>
    </ClCompile>
    <ClCompile Include="..\..\numstr.cpp">
      <Filter>源文件</Filter>
    </ClCompile>
    <ClCompile Include="..\..\pointer.cpp">
      <Filter>源文件</Filter>
    </ClCompile>
    <ClCompile Include="..\..\ptrstr.cpp">
      <Filter>源文件</Filter>
    </ClCompile>
    <ClCompile Include="..\..\strings.cpp">
      <Filter>源文件</Filter>
    </ClCompile>
    <ClCompile Include="..\..\strtype1.cpp">
      <Filter>源文件</Filter>
    </ClCompile>
    <ClCompile Include="..\..\strtype2.cpp">
      <Filter>源文件</Filter>
    </ClCompile>
    <ClCompile Include="..\..\strtype3.cpp">
      <Filter>源文件</Filter>
    </ClCompile>
    <ClCompile Include="..\..\strtype4.cpp">
      <Filter>源文件</Filter>
    </ClCompile>
    <ClCompile Include="..\..\structur.cpp">
      <Filter>源文件</Filter>
    </ClCompile>
    <ClCompile Include="..\..\use_new.cpp">
      <Filter>源文件</Filter>
    </ClCompile>
  </ItemGroup>
</Project>